// !$*UTF8*$!
{
	archiveVersion = 1;
	classes = {
	};
	objectVersion = 46;
	objects = {

/* Begin PBXBuildFile section */
		1C94ACBA1AB30AA90087C053 /* MAClusterAnimator.m in Sources */ = {isa = PBXBuildFile; fileRef = 1C94ACB91AB30AA90087C053 /* MAClusterAnimator.m */; };
		1C9F61001AB2E7770067DEE5 /* MAClusterAnnotationView.m in Sources */ = {isa = PBXBuildFile; fileRef = 1C9F60FF1AB2E7770067DEE5 /* MAClusterAnnotationView.m */; };
		1CB3DB9A1AB1B6AD00AEB99C /* GTQuadTreeNode.m in Sources */ = {isa = PBXBuildFile; fileRef = 1CB3DB991AB1B6AD00AEB99C /* GTQuadTreeNode.m */; };
		1CB3DB9D1AB1B6C300AEB99C /* GTQuadTree.m in Sources */ = {isa = PBXBuildFile; fileRef = 1CB3DB9C1AB1B6C300AEB99C /* GTQuadTree.m */; };
		1CB3DBA01AB1B6D700AEB99C /* MAClusteringManager.m in Sources */ = {isa = PBXBuildFile; fileRef = 1CB3DB9F1AB1B6D700AEB99C /* MAClusteringManager.m */; };
		1CE4B4291B02325B00BC96BE /* AMap.bundle in Resources */ = {isa = PBXBuildFile; fileRef = 1CE4B4281B02325A00BC96BE /* AMap.bundle */; };
		1CEBEBBC1AB348B000F0158A /* MAAnnotationCluster.m in Sources */ = {isa = PBXBuildFile; fileRef = 1CEBEBBB1AB348B000F0158A /* MAAnnotationCluster.m */; };
		3A05D43817D97856002CF304 /* UIKit.framework in Frameworks */ = {isa = PBXBuildFile; fileRef = 3A05D43717D97856002CF304 /* UIKit.framework */; };
		3A05D43A17D97856002CF304 /* Foundation.framework in Frameworks */ = {isa = PBXBuildFile; fileRef = 3A05D43917D97856002CF304 /* Foundation.framework */; };
		3A05D43C17D97856002CF304 /* CoreGraphics.framework in Frameworks */ = {isa = PBXBuildFile; fileRef = 3A05D43B17D97856002CF304 /* CoreGraphics.framework */; };
		3A05D44217D97856002CF304 /* InfoPlist.strings in Resources */ = {isa = PBXBuildFile; fileRef = 3A05D44017D97856002CF304 /* InfoPlist.strings */; };
		3A05D44417D97856002CF304 /* main.m in Sources */ = {isa = PBXBuildFile; fileRef = 3A05D44317D97856002CF304 /* main.m */; };
		3A05D44817D97856002CF304 /* MAAppDelegate.m in Sources */ = {isa = PBXBuildFile; fileRef = 3A05D44717D97856002CF304 /* MAAppDelegate.m */; };
		3A05D44A17D97856002CF304 /* Default.png in Resources */ = {isa = PBXBuildFile; fileRef = 3A05D44917D97856002CF304 /* Default.png */; };
		3A05D44C17D97856002CF304 /* Default@2x.png in Resources */ = {isa = PBXBuildFile; fileRef = 3A05D44B17D97856002CF304 /* Default@2x.png */; };
		3A05D44E17D97856002CF304 /* Default-568h@2x.png in Resources */ = {isa = PBXBuildFile; fileRef = 3A05D44D17D97856002CF304 /* Default-568h@2x.png */; };
		3A05D46117D97923002CF304 /* icon-72.png in Resources */ = {isa = PBXBuildFile; fileRef = 3A05D45D17D97923002CF304 /* icon-72.png */; };
		3A05D46217D97923002CF304 /* icon-72@2x.png in Resources */ = {isa = PBXBuildFile; fileRef = 3A05D45E17D97923002CF304 /* icon-72@2x.png */; };
		3A05D46317D97923002CF304 /* icon.png in Resources */ = {isa = PBXBuildFile; fileRef = 3A05D45F17D97923002CF304 /* icon.png */; };
		3A05D46417D97923002CF304 /* icon@2x.png in Resources */ = {isa = PBXBuildFile; fileRef = 3A05D46017D97923002CF304 /* icon@2x.png */; };
		3A05D47517D979AD002CF304 /* MAMapKit.framework in Frameworks */ = {isa = PBXBuildFile; fileRef = 3A05D47417D979AD002CF304 /* MAMapKit.framework */; };
		3A05D47917D979BE002CF304 /* CoreLocation.framework in Frameworks */ = {isa = PBXBuildFile; fileRef = 3A05D47817D979BE002CF304 /* CoreLocation.framework */; };
		3A05D47B17D979C4002CF304 /* CoreTelephony.framework in Frameworks */ = {isa = PBXBuildFile; fileRef = 3A05D47A17D979C4002CF304 /* CoreTelephony.framework */; };
		3A05D47D17D979CA002CF304 /* SystemConfiguration.framework in Frameworks */ = {isa = PBXBuildFile; fileRef = 3A05D47C17D979CA002CF304 /* SystemConfiguration.framework */; };
		3A05D47F17D979D2002CF304 /* libz.dylib in Frameworks */ = {isa = PBXBuildFile; fileRef = 3A05D47E17D979D2002CF304 /* libz.dylib */; };
		3A05D48117D979D7002CF304 /* QuartzCore.framework in Frameworks */ = {isa = PBXBuildFile; fileRef = 3A05D48017D979D7002CF304 /* QuartzCore.framework */; };
		3A05D4D117D97A32002CF304 /* BaseMapViewController.m in Sources */ = {isa = PBXBuildFile; fileRef = 3A05D48617D97A31002CF304 /* BaseMapViewController.m */; };
		3A05D4D317D97A32002CF304 /* AnnotationViewController.m in Sources */ = {isa = PBXBuildFile; fileRef = 3A05D48C17D97A31002CF304 /* AnnotationViewController.m */; };
		81226A751856D05500B24878 /* libstdc++.6.0.9.dylib in Frameworks */ = {isa = PBXBuildFile; fileRef = 81226A741856D05500B24878 /* libstdc++.6.0.9.dylib */; };
		81FD277E17E06D79003AFCDD /* Security.framework in Frameworks */ = {isa = PBXBuildFile; fileRef = 81FD277D17E06D79003AFCDD /* Security.framework */; };
/* End PBXBuildFile section */

/* Begin PBXFileReference section */
		1C94ACB71AB30A3B0087C053 /* MAAnimator.h */ = {isa = PBXFileReference; lastKnownFileType = sourcecode.c.h; path = MAAnimator.h; sourceTree = "<group>"; };
		1C94ACB81AB30AA90087C053 /* MAClusterAnimator.h */ = {isa = PBXFileReference; fileEncoding = 4; lastKnownFileType = sourcecode.c.h; path = MAClusterAnimator.h; sourceTree = "<group>"; };
		1C94ACB91AB30AA90087C053 /* MAClusterAnimator.m */ = {isa = PBXFileReference; fileEncoding = 4; lastKnownFileType = sourcecode.c.objc; path = MAClusterAnimator.m; sourceTree = "<group>"; };
		1C9F60FE1AB2E7770067DEE5 /* MAClusterAnnotationView.h */ = {isa = PBXFileReference; fileEncoding = 4; lastKnownFileType = sourcecode.c.h; path = MAClusterAnnotationView.h; sourceTree = "<group>"; };
		1C9F60FF1AB2E7770067DEE5 /* MAClusterAnnotationView.m */ = {isa = PBXFileReference; fileEncoding = 4; lastKnownFileType = sourcecode.c.objc; path = MAClusterAnnotationView.m; sourceTree = "<group>"; };
		1CB3DB981AB1B6AD00AEB99C /* GTQuadTreeNode.h */ = {isa = PBXFileReference; fileEncoding = 4; lastKnownFileType = sourcecode.c.h; path = GTQuadTreeNode.h; sourceTree = "<group>"; };
		1CB3DB991AB1B6AD00AEB99C /* GTQuadTreeNode.m */ = {isa = PBXFileReference; fileEncoding = 4; lastKnownFileType = sourcecode.c.objc; path = GTQuadTreeNode.m; sourceTree = "<group>"; };
		1CB3DB9B1AB1B6C300AEB99C /* GTQuadTree.h */ = {isa = PBXFileReference; fileEncoding = 4; lastKnownFileType = sourcecode.c.h; path = GTQuadTree.h; sourceTree = "<group>"; };
		1CB3DB9C1AB1B6C300AEB99C /* GTQuadTree.m */ = {isa = PBXFileReference; fileEncoding = 4; lastKnownFileType = sourcecode.c.objc; path = GTQuadTree.m; sourceTree = "<group>"; };
		1CB3DB9E1AB1B6D700AEB99C /* MAClusteringManager.h */ = {isa = PBXFileReference; fileEncoding = 4; lastKnownFileType = sourcecode.c.h; path = MAClusteringManager.h; sourceTree = "<group>"; };
		1CB3DB9F1AB1B6D700AEB99C /* MAClusteringManager.m */ = {isa = PBXFileReference; fileEncoding = 4; lastKnownFileType = sourcecode.c.objc; path = MAClusteringManager.m; sourceTree = "<group>"; };
		1CB3DBA21AB1BA0000AEB99C /* MAAnnotationClustering.h */ = {isa = PBXFileReference; lastKnownFileType = sourcecode.c.h; name = MAAnnotationClustering.h; path = ../MAAnnotationClustering.h; sourceTree = "<group>"; };
		1CE4B4281B02325A00BC96BE /* AMap.bundle */ = {isa = PBXFileReference; lastKnownFileType = "wrapper.plug-in"; path = AMap.bundle; sourceTree = "<group>"; };
		1CEBEBBA1AB348B000F0158A /* MAAnnotationCluster.h */ = {isa = PBXFileReference; fileEncoding = 4; lastKnownFileType = sourcecode.c.h; path = MAAnnotationCluster.h; sourceTree = "<group>"; };
		1CEBEBBB1AB348B000F0158A /* MAAnnotationCluster.m */ = {isa = PBXFileReference; fileEncoding = 4; lastKnownFileType = sourcecode.c.objc; path = MAAnnotationCluster.m; sourceTree = "<group>"; };
		3A05D43417D97856002CF304 /* officialDemo2D.app */ = {isa = PBXFileReference; explicitFileType = wrapper.application; includeInIndex = 0; path = officialDemo2D.app; sourceTree = BUILT_PRODUCTS_DIR; };
		3A05D43717D97856002CF304 /* UIKit.framework */ = {isa = PBXFileReference; lastKnownFileType = wrapper.framework; name = UIKit.framework; path = System/Library/Frameworks/UIKit.framework; sourceTree = SDKROOT; };
		3A05D43917D97856002CF304 /* Foundation.framework */ = {isa = PBXFileReference; lastKnownFileType = wrapper.framework; name = Foundation.framework; path = System/Library/Frameworks/Foundation.framework; sourceTree = SDKROOT; };
		3A05D43B17D97856002CF304 /* CoreGraphics.framework */ = {isa = PBXFileReference; lastKnownFileType = wrapper.framework; name = CoreGraphics.framework; path = System/Library/Frameworks/CoreGraphics.framework; sourceTree = SDKROOT; };
		3A05D43F17D97856002CF304 /* officialDemo2D-Info.plist */ = {isa = PBXFileReference; lastKnownFileType = text.plist.xml; path = "officialDemo2D-Info.plist"; sourceTree = "<group>"; };
		3A05D44117D97856002CF304 /* en */ = {isa = PBXFileReference; lastKnownFileType = text.plist.strings; name = en; path = en.lproj/InfoPlist.strings; sourceTree = "<group>"; };
		3A05D44317D97856002CF304 /* main.m */ = {isa = PBXFileReference; lastKnownFileType = sourcecode.c.objc; path = main.m; sourceTree = "<group>"; };
		3A05D44517D97856002CF304 /* officialDemo2D-Prefix.pch */ = {isa = PBXFileReference; lastKnownFileType = sourcecode.c.h; path = "officialDemo2D-Prefix.pch"; sourceTree = "<group>"; };
		3A05D44617D97856002CF304 /* MAAppDelegate.h */ = {isa = PBXFileReference; lastKnownFileType = sourcecode.c.h; path = MAAppDelegate.h; sourceTree = "<group>"; };
		3A05D44717D97856002CF304 /* MAAppDelegate.m */ = {isa = PBXFileReference; lastKnownFileType = sourcecode.c.objc; path = MAAppDelegate.m; sourceTree = "<group>"; };
		3A05D44917D97856002CF304 /* Default.png */ = {isa = PBXFileReference; lastKnownFileType = image.png; path = Default.png; sourceTree = "<group>"; };
		3A05D44B17D97856002CF304 /* Default@2x.png */ = {isa = PBXFileReference; lastKnownFileType = image.png; path = "Default@2x.png"; sourceTree = "<group>"; };
		3A05D44D17D97856002CF304 /* Default-568h@2x.png */ = {isa = PBXFileReference; lastKnownFileType = image.png; path = "Default-568h@2x.png"; sourceTree = "<group>"; };
		3A05D45D17D97923002CF304 /* icon-72.png */ = {isa = PBXFileReference; lastKnownFileType = image.png; path = "icon-72.png"; sourceTree = SOURCE_ROOT; };
		3A05D45E17D97923002CF304 /* icon-72@2x.png */ = {isa = PBXFileReference; lastKnownFileType = image.png; path = "icon-72@2x.png"; sourceTree = SOURCE_ROOT; };
		3A05D45F17D97923002CF304 /* icon.png */ = {isa = PBXFileReference; lastKnownFileType = image.png; path = icon.png; sourceTree = SOURCE_ROOT; };
		3A05D46017D97923002CF304 /* icon@2x.png */ = {isa = PBXFileReference; lastKnownFileType = image.png; path = "icon@2x.png"; sourceTree = SOURCE_ROOT; };
		3A05D47417D979AD002CF304 /* MAMapKit.framework */ = {isa = PBXFileReference; lastKnownFileType = wrapper.framework; name = MAMapKit.framework; path = officialDemo2D/Extern/MAMapKit.framework; sourceTree = "<group>"; };
		3A05D47617D979B8002CF304 /* libstdc++.dylib */ = {isa = PBXFileReference; lastKnownFileType = "compiled.mach-o.dylib"; name = "libstdc++.dylib"; path = "usr/lib/libstdc++.dylib"; sourceTree = SDKROOT; };
		3A05D47817D979BE002CF304 /* CoreLocation.framework */ = {isa = PBXFileReference; lastKnownFileType = wrapper.framework; name = CoreLocation.framework; path = System/Library/Frameworks/CoreLocation.framework; sourceTree = SDKROOT; };
		3A05D47A17D979C4002CF304 /* CoreTelephony.framework */ = {isa = PBXFileReference; lastKnownFileType = wrapper.framework; name = CoreTelephony.framework; path = System/Library/Frameworks/CoreTelephony.framework; sourceTree = SDKROOT; };
		3A05D47C17D979CA002CF304 /* SystemConfiguration.framework */ = {isa = PBXFileReference; lastKnownFileType = wrapper.framework; name = SystemConfiguration.framework; path = System/Library/Frameworks/SystemConfiguration.framework; sourceTree = SDKROOT; };
		3A05D47E17D979D2002CF304 /* libz.dylib */ = {isa = PBXFileReference; lastKnownFileType = "compiled.mach-o.dylib"; name = libz.dylib; path = usr/lib/libz.dylib; sourceTree = SDKROOT; };
		3A05D48017D979D7002CF304 /* QuartzCore.framework */ = {isa = PBXFileReference; lastKnownFileType = wrapper.framework; name = QuartzCore.framework; path = System/Library/Frameworks/QuartzCore.framework; sourceTree = SDKROOT; };
		3A05D48517D97A31002CF304 /* BaseMapViewController.h */ = {isa = PBXFileReference; fileEncoding = 4; lastKnownFileType = sourcecode.c.h; name = BaseMapViewController.h; path = Controllers/BaseMapViewController.h; sourceTree = "<group>"; };
		3A05D48617D97A31002CF304 /* BaseMapViewController.m */ = {isa = PBXFileReference; fileEncoding = 4; lastKnownFileType = sourcecode.c.objc; name = BaseMapViewController.m; path = Controllers/BaseMapViewController.m; sourceTree = "<group>"; };
		3A05D48B17D97A31002CF304 /* AnnotationViewController.h */ = {isa = PBXFileReference; fileEncoding = 4; lastKnownFileType = sourcecode.c.h; name = AnnotationViewController.h; path = Controllers/MapControllers/MapBaseControllers/AnnotationViewController.h; sourceTree = "<group>"; };
		3A05D48C17D97A31002CF304 /* AnnotationViewController.m */ = {isa = PBXFileReference; fileEncoding = 4; lastKnownFileType = sourcecode.c.objc; name = AnnotationViewController.m; path = Controllers/MapControllers/MapBaseControllers/AnnotationViewController.m; sourceTree = "<group>"; };
		3A05D4F517D97A46002CF304 /* APIKey.h */ = {isa = PBXFileReference; fileEncoding = 4; lastKnownFileType = sourcecode.c.h; name = APIKey.h; path = Configuration/APIKey.h; sourceTree = "<group>"; };
		81226A741856D05500B24878 /* libstdc++.6.0.9.dylib */ = {isa = PBXFileReference; lastKnownFileType = "compiled.mach-o.dylib"; name = "libstdc++.6.0.9.dylib"; path = "usr/lib/libstdc++.6.0.9.dylib"; sourceTree = SDKROOT; };
		81FD277D17E06D79003AFCDD /* Security.framework */ = {isa = PBXFileReference; lastKnownFileType = wrapper.framework; name = Security.framework; path = System/Library/Frameworks/Security.framework; sourceTree = SDKROOT; };
/* End PBXFileReference section */

/* Begin PBXFrameworksBuildPhase section */
		3A05D43117D97856002CF304 /* Frameworks */ = {
			isa = PBXFrameworksBuildPhase;
			buildActionMask = 2147483647;
			files = (
				81226A751856D05500B24878 /* libstdc++.6.0.9.dylib in Frameworks */,
				81FD277E17E06D79003AFCDD /* Security.framework in Frameworks */,
				3A05D48117D979D7002CF304 /* QuartzCore.framework in Frameworks */,
				3A05D47F17D979D2002CF304 /* libz.dylib in Frameworks */,
				3A05D47D17D979CA002CF304 /* SystemConfiguration.framework in Frameworks */,
				3A05D47B17D979C4002CF304 /* CoreTelephony.framework in Frameworks */,
				3A05D47917D979BE002CF304 /* CoreLocation.framework in Frameworks */,
				3A05D47517D979AD002CF304 /* MAMapKit.framework in Frameworks */,
				3A05D43817D97856002CF304 /* UIKit.framework in Frameworks */,
				3A05D43A17D97856002CF304 /* Foundation.framework in Frameworks */,
				3A05D43C17D97856002CF304 /* CoreGraphics.framework in Frameworks */,
			);
			runOnlyForDeploymentPostprocessing = 0;
		};
/* End PBXFrameworksBuildPhase section */

/* Begin PBXGroup section */
		1C94ACBB1AB30AF90087C053 /* View */ = {
			isa = PBXGroup;
			children = (
				1C9F60FE1AB2E7770067DEE5 /* MAClusterAnnotationView.h */,
				1C9F60FF1AB2E7770067DEE5 /* MAClusterAnnotationView.m */,
				1C94ACB71AB30A3B0087C053 /* MAAnimator.h */,
				1C94ACB81AB30AA90087C053 /* MAClusterAnimator.h */,
				1C94ACB91AB30AA90087C053 /* MAClusterAnimator.m */,
			);
			name = View;
			sourceTree = "<group>";
		};
		1C94ACBC1AB30B060087C053 /* Cluster */ = {
			isa = PBXGroup;
			children = (
				1CB3DBA21AB1BA0000AEB99C /* MAAnnotationClustering.h */,
				1CB3DB9E1AB1B6D700AEB99C /* MAClusteringManager.h */,
				1CB3DB9F1AB1B6D700AEB99C /* MAClusteringManager.m */,
				1CEBEBBA1AB348B000F0158A /* MAAnnotationCluster.h */,
				1CEBEBBB1AB348B000F0158A /* MAAnnotationCluster.m */,
				1C94ACBD1AB310BB0087C053 /* QuadTree */,
			);
			name = Cluster;
			sourceTree = "<group>";
		};
		1C94ACBD1AB310BB0087C053 /* QuadTree */ = {
			isa = PBXGroup;
			children = (
				1CB3DB9B1AB1B6C300AEB99C /* GTQuadTree.h */,
				1CB3DB9C1AB1B6C300AEB99C /* GTQuadTree.m */,
				1CB3DB981AB1B6AD00AEB99C /* GTQuadTreeNode.h */,
				1CB3DB991AB1B6AD00AEB99C /* GTQuadTreeNode.m */,
			);
			name = QuadTree;
			sourceTree = "<group>";
		};
		1CB3DB971AB1B61F00AEB99C /* MAAnnotationCluster */ = {
			isa = PBXGroup;
			children = (
				1C94ACBB1AB30AF90087C053 /* View */,
				1C94ACBC1AB30B060087C053 /* Cluster */,
			);
			name = MAAnnotationCluster;
			sourceTree = "<group>";
		};
		3A05D42B17D97856002CF304 = {
			isa = PBXGroup;
			children = (
				3A05D43D17D97856002CF304 /* officialDemo2D */,
				3A05D43617D97856002CF304 /* Frameworks */,
				3A05D43517D97856002CF304 /* Products */,
			);
			sourceTree = "<group>";
		};
		3A05D43517D97856002CF304 /* Products */ = {
			isa = PBXGroup;
			children = (
				3A05D43417D97856002CF304 /* officialDemo2D.app */,
			);
			name = Products;
			sourceTree = "<group>";
		};
		3A05D43617D97856002CF304 /* Frameworks */ = {
			isa = PBXGroup;
			children = (
				81226A741856D05500B24878 /* libstdc++.6.0.9.dylib */,
				81FD277D17E06D79003AFCDD /* Security.framework */,
				3A05D48017D979D7002CF304 /* QuartzCore.framework */,
				3A05D47E17D979D2002CF304 /* libz.dylib */,
				3A05D47C17D979CA002CF304 /* SystemConfiguration.framework */,
				3A05D47A17D979C4002CF304 /* CoreTelephony.framework */,
				3A05D47817D979BE002CF304 /* CoreLocation.framework */,
				3A05D47617D979B8002CF304 /* libstdc++.dylib */,
				3A05D47417D979AD002CF304 /* MAMapKit.framework */,
				3A05D43717D97856002CF304 /* UIKit.framework */,
				3A05D43917D97856002CF304 /* Foundation.framework */,
				3A05D43B17D97856002CF304 /* CoreGraphics.framework */,
			);
			name = Frameworks;
			sourceTree = "<group>";
		};
		3A05D43D17D97856002CF304 /* officialDemo2D */ = {
			isa = PBXGroup;
			children = (
				3A05D4F517D97A46002CF304 /* APIKey.h */,
				3A05D44617D97856002CF304 /* MAAppDelegate.h */,
				3A05D44717D97856002CF304 /* MAAppDelegate.m */,
				3A05D48B17D97A31002CF304 /* AnnotationViewController.h */,
				3A05D48C17D97A31002CF304 /* AnnotationViewController.m */,
				3A05D48517D97A31002CF304 /* BaseMapViewController.h */,
				3A05D48617D97A31002CF304 /* BaseMapViewController.m */,
				1CB3DB971AB1B61F00AEB99C /* MAAnnotationCluster */,
				3A05D43E17D97856002CF304 /* Supporting Files */,
			);
			path = officialDemo2D;
			sourceTree = "<group>";
		};
		3A05D43E17D97856002CF304 /* Supporting Files */ = {
			isa = PBXGroup;
			children = (
				1CE4B4281B02325A00BC96BE /* AMap.bundle */,
				3A05D43F17D97856002CF304 /* officialDemo2D-Info.plist */,
				3A05D44017D97856002CF304 /* InfoPlist.strings */,
				3A05D44317D97856002CF304 /* main.m */,
				3A05D44517D97856002CF304 /* officialDemo2D-Prefix.pch */,
				3A05D44917D97856002CF304 /* Default.png */,
				3A05D44B17D97856002CF304 /* Default@2x.png */,
				3A05D44D17D97856002CF304 /* Default-568h@2x.png */,
				3A05D45D17D97923002CF304 /* icon-72.png */,
				3A05D45E17D97923002CF304 /* icon-72@2x.png */,
				3A05D45F17D97923002CF304 /* icon.png */,
				3A05D46017D97923002CF304 /* icon@2x.png */,
			);
			name = "Supporting Files";
			sourceTree = "<group>";
		};
/* End PBXGroup section */

/* Begin PBXNativeTarget section */
		3A05D43317D97856002CF304 /* officialDemo2D */ = {
			isa = PBXNativeTarget;
			buildConfigurationList = 3A05D45A17D97856002CF304 /* Build configuration list for PBXNativeTarget "officialDemo2D" */;
			buildPhases = (
				3A05D43017D97856002CF304 /* Sources */,
				3A05D43117D97856002CF304 /* Frameworks */,
				3A05D43217D97856002CF304 /* Resources */,
			);
			buildRules = (
			);
			dependencies = (
			);
			name = officialDemo2D;
			productName = officialDemo2D;
			productReference = 3A05D43417D97856002CF304 /* officialDemo2D.app */;
			productType = "com.apple.product-type.application";
		};
/* End PBXNativeTarget section */

/* Begin PBXProject section */
		3A05D42C17D97856002CF304 /* Project object */ = {
			isa = PBXProject;
			attributes = {
				CLASSPREFIX = MA;
				LastUpgradeCheck = 0600;
				ORGANIZATIONNAME = AutoNavi;
			};
			buildConfigurationList = 3A05D42F17D97856002CF304 /* Build configuration list for PBXProject "officialDemo2D" */;
			compatibilityVersion = "Xcode 3.2";
			developmentRegion = English;
			hasScannedForEncodings = 0;
			knownRegions = (
				en,
				Base,
			);
			mainGroup = 3A05D42B17D97856002CF304;
			productRefGroup = 3A05D43517D97856002CF304 /* Products */;
			projectDirPath = "";
			projectRoot = "";
			targets = (
				3A05D43317D97856002CF304 /* officialDemo2D */,
			);
		};
/* End PBXProject section */

/* Begin PBXResourcesBuildPhase section */
		3A05D43217D97856002CF304 /* Resources */ = {
			isa = PBXResourcesBuildPhase;
			buildActionMask = 2147483647;
			files = (
				1CE4B4291B02325B00BC96BE /* AMap.bundle in Resources */,
				3A05D44217D97856002CF304 /* InfoPlist.strings in Resources */,
				3A05D44A17D97856002CF304 /* Default.png in Resources */,
				3A05D44C17D97856002CF304 /* Default@2x.png in Resources */,
				3A05D44E17D97856002CF304 /* Default-568h@2x.png in Resources */,
				3A05D46117D97923002CF304 /* icon-72.png in Resources */,
				3A05D46217D97923002CF304 /* icon-72@2x.png in Resources */,
				3A05D46317D97923002CF304 /* icon.png in Resources */,
				3A05D46417D97923002CF304 /* icon@2x.png in Resources */,
			);
			runOnlyForDeploymentPostprocessing = 0;
		};
/* End PBXResourcesBuildPhase section */

/* Begin PBXSourcesBuildPhase section */
		3A05D43017D97856002CF304 /* Sources */ = {
			isa = PBXSourcesBuildPhase;
			buildActionMask = 2147483647;
			files = (
				3A05D44417D97856002CF304 /* main.m in Sources */,
				3A05D44817D97856002CF304 /* MAAppDelegate.m in Sources */,
				3A05D4D117D97A32002CF304 /* BaseMapViewController.m in Sources */,
				3A05D4D317D97A32002CF304 /* AnnotationViewController.m in Sources */,
				1CB3DB9A1AB1B6AD00AEB99C /* GTQuadTreeNode.m in Sources */,
				1C94ACBA1AB30AA90087C053 /* MAClusterAnimator.m in Sources */,
				1CEBEBBC1AB348B000F0158A /* MAAnnotationCluster.m in Sources */,
				1C9F61001AB2E7770067DEE5 /* MAClusterAnnotationView.m in Sources */,
				1CB3DBA01AB1B6D700AEB99C /* MAClusteringManager.m in Sources */,
				1CB3DB9D1AB1B6C300AEB99C /* GTQuadTree.m in Sources */,
			);
			runOnlyForDeploymentPostprocessing = 0;
		};
/* End PBXSourcesBuildPhase section */

/* Begin PBXVariantGroup section */
		3A05D44017D97856002CF304 /* InfoPlist.strings */ = {
			isa = PBXVariantGroup;
			children = (
				3A05D44117D97856002CF304 /* en */,
			);
			name = InfoPlist.strings;
			sourceTree = "<group>";
		};
/* End PBXVariantGroup section */

/* Begin XCBuildConfiguration section */
		3A05D45817D97856002CF304 /* Debug */ = {
			isa = XCBuildConfiguration;
			buildSettings = {
				ALWAYS_SEARCH_USER_PATHS = NO;
				CLANG_CXX_LANGUAGE_STANDARD = "gnu++0x";
				CLANG_CXX_LIBRARY = "libc++";
				CLANG_ENABLE_OBJC_ARC = YES;
				CLANG_WARN_CONSTANT_CONVERSION = YES;
				CLANG_WARN_EMPTY_BODY = YES;
				CLANG_WARN_ENUM_CONVERSION = YES;
				CLANG_WARN_INT_CONVERSION = YES;
				CLANG_WARN__DUPLICATE_METHOD_MATCH = YES;
				"CODE_SIGN_IDENTITY[sdk=iphoneos*]" = "iPhone Developer";
				COPY_PHASE_STRIP = NO;
				GCC_C_LANGUAGE_STANDARD = gnu99;
				GCC_DYNAMIC_NO_PIC = NO;
				GCC_OPTIMIZATION_LEVEL = 0;
				GCC_PREPROCESSOR_DEFINITIONS = (
					"DEBUG=1",
					"$(inherited)",
				);
				GCC_SYMBOLS_PRIVATE_EXTERN = NO;
				GCC_WARN_ABOUT_RETURN_TYPE = YES;
				GCC_WARN_UNINITIALIZED_AUTOS = YES;
				GCC_WARN_UNUSED_VARIABLE = YES;
				IPHONEOS_DEPLOYMENT_TARGET = 5.1;
				ONLY_ACTIVE_ARCH = YES;
				SDKROOT = iphoneos;
				TARGETED_DEVICE_FAMILY = "1,2";
			};
			name = Debug;
		};
		3A05D45917D97856002CF304 /* Release */ = {
			isa = XCBuildConfiguration;
			buildSettings = {
				ALWAYS_SEARCH_USER_PATHS = NO;
				CLANG_CXX_LANGUAGE_STANDARD = "gnu++0x";
				CLANG_CXX_LIBRARY = "libc++";
				CLANG_ENABLE_OBJC_ARC = YES;
				CLANG_WARN_CONSTANT_CONVERSION = YES;
				CLANG_WARN_EMPTY_BODY = YES;
				CLANG_WARN_ENUM_CONVERSION = YES;
				CLANG_WARN_INT_CONVERSION = YES;
				CLANG_WARN__DUPLICATE_METHOD_MATCH = YES;
				"CODE_SIGN_IDENTITY[sdk=iphoneos*]" = "iPhone Developer";
				COPY_PHASE_STRIP = YES;
				GCC_C_LANGUAGE_STANDARD = gnu99;
				GCC_WARN_ABOUT_RETURN_TYPE = YES;
				GCC_WARN_UNINITIALIZED_AUTOS = YES;
				GCC_WARN_UNUSED_VARIABLE = YES;
				IPHONEOS_DEPLOYMENT_TARGET = 5.1;
				OTHER_CFLAGS = "-DNS_BLOCK_ASSERTIONS=1";
				SDKROOT = iphoneos;
				TARGETED_DEVICE_FAMILY = "1,2";
				VALIDATE_PRODUCT = YES;
			};
			name = Release;
		};
		3A05D45B17D97856002CF304 /* Debug */ = {
			isa = XCBuildConfiguration;
			buildSettings = {
				CODE_SIGN_IDENTITY = "iPhone Developer";
				"CODE_SIGN_IDENTITY[sdk=iphoneos*]" = "iPhone Developer";
				DEBUG_INFORMATION_FORMAT = "dwarf-with-dsym";
				FRAMEWORK_SEARCH_PATHS = (
					"$(inherited)",
					"\"$(SRCROOT)/officialDemo2D/Extern\"",
					"$(PROJECT_DIR)",
				);
				GCC_PRECOMPILE_PREFIX_HEADER = YES;
				GCC_PREFIX_HEADER = "officialDemo2D/officialDemo2D-Prefix.pch";
				INFOPLIST_FILE = "officialDemo2D/officialDemo2D-Info.plist";
				IPHONEOS_DEPLOYMENT_TARGET = 6.0;
				OTHER_LDFLAGS = "-ObjC";
				PRODUCT_NAME = "$(TARGET_NAME)";
				PROVISIONING_PROFILE = "";
				"PROVISIONING_PROFILE[sdk=iphoneos*]" = "";
				WRAPPER_EXTENSION = app;
			};
			name = Debug;
		};
		3A05D45C17D97856002CF304 /* Release */ = {
			isa = XCBuildConfiguration;
			buildSettings = {
				CODE_SIGN_IDENTITY = "iPhone Developer";
				"CODE_SIGN_IDENTITY[sdk=iphoneos*]" = "iPhone Developer";
				DEBUG_INFORMATION_FORMAT = "dwarf-with-dsym";
				FRAMEWORK_SEARCH_PATHS = (
					"$(inherited)",
					"\"$(SRCROOT)/officialDemo2D/Extern\"",
					"$(PROJECT_DIR)",
				);
				GCC_PRECOMPILE_PREFIX_HEADER = YES;
				GCC_PREFIX_HEADER = "officialDemo2D/officialDemo2D-Prefix.pch";
				INFOPLIST_FILE = "officialDemo2D/officialDemo2D-Info.plist";
				IPHONEOS_DEPLOYMENT_TARGET = 6.0;
				OTHER_LDFLAGS = "-ObjC";
				PRODUCT_NAME = "$(TARGET_NAME)";
				PROVISIONING_PROFILE = "";
				"PROVISIONING_PROFILE[sdk=iphoneos*]" = "";
				WRAPPER_EXTENSION = app;
			};
			name = Release;
		};
/* End XCBuildConfiguration section */

/* Begin XCConfigurationList section */
		3A05D42F17D97856002CF304 /* Build configuration list for PBXProject "officialDemo2D" */ = {
			isa = XCConfigurationList;
			buildConfigurations = (
				3A05D45817D97856002CF304 /* Debug */,
				3A05D45917D97856002CF304 /* Release */,
			);
			defaultConfigurationIsVisible = 0;
			defaultConfigurationName = Release;
		};
		3A05D45A17D97856002CF304 /* Build configuration list for PBXNativeTarget "officialDemo2D" */ = {
			isa = XCConfigurationList;
			buildConfigurations = (
				3A05D45B17D97856002CF304 /* Debug */,
				3A05D45C17D97856002CF304 /* Release */,
			);
			defaultConfigurationIsVisible = 0;
			defaultConfigurationName = Release;
		};
/* End XCConfigurationList section */
	};
	rootObject = 3A05D42C17D97856002CF304 /* Project object */;
}
